
Microsoft Visual Studio Solution File, Format Version 12.00
# Visual Studio 15
VisualStudioVersion = 15.0.26730.10
MinimumVisualStudioVersion = 10.0.40219.1
Project("{2150E333-8FDC-42A3-9474-1A3956D46DE8}") = "src", "src", "{FF3EE37C-5026-4166-9DDF-7DE13BD71069}"
EndProject
Project("{2150E333-8FDC-42A3-9474-1A3956D46DE8}") = "db", "db", "{CCE5F6DB-3512-4BE1-96A0-EF28D0A1E2FC}"
EndProject
Project("{2150E333-8FDC-42A3-9474-1A3956D46DE8}") = "tests", "tests", "{53BE2C29-612E-49BA-84CE-2296C0267971}"
EndProject
Project("{2150E333-8FDC-42A3-9474-1A3956D46DE8}") = "Domain", "Domain", "{759D2447-0B78-417E-9627-A83E4C417477}"
EndProject
Project("{2150E333-8FDC-42A3-9474-1A3956D46DE8}") = "UI", "UI", "{77C404B9-3288-4604-9473-488A72BC251C}"
EndProject
Project("{2150E333-8FDC-42A3-9474-1A3956D46DE8}") = "Infrastructure", "Infrastructure", "{CBE053C4-C17E-49E4-A0FC-681B207C51A8}"
EndProject
Project("{2150E333-8FDC-42A3-9474-1A3956D46DE8}") = "Service", "Service", "{94FEBD2D-8C14-43D1-9A4E-828A52A39DAB}"
EndProject
Project("{9A19103F-16F7-4668-BE54-9A1E7A4F7556}") = "CinemaTickets.Domain", "src\CinemaTickets.Domain\CinemaTickets.Domain.csproj", "{3E6C3144-E011-4AEC-974B-3DB912476675}"
EndProject
Project("{9A19103F-16F7-4668-BE54-9A1E7A4F7556}") = "CinemaTickets.Domain.Core", "src\CinemaTickets.Domain.Core\CinemaTickets.Domain.Core.csproj", "{76CF1037-630F-49C8-B988-8AC4AFCDC508}"
EndProject
Project("{9A19103F-16F7-4668-BE54-9A1E7A4F7556}") = "CinemaTickets.Infrastructure.Business", "src\CinemaTickets.Infrastructure.Business\CinemaTickets.Infrastructure.Business.csproj", "{B8D6B0F2-8045-4775-B98B-72E087B3B2C2}"
EndProject
Project("{9A19103F-16F7-4668-BE54-9A1E7A4F7556}") = "CinemaTickets.Infrastructure.Data", "src\CinemaTickets.Infrastructure.Data\CinemaTickets.Infrastructure.Data.csproj", "{34A27E48-3C7C-45BC-8DB9-7E22B41B10E7}"
EndProject
Project("{00D1A9C2-B5F0-4AF3-8072-F6C62B433612}") = "CinemaTickets.SqlServerDbProject", "db\CinemaTickets.SqlServerDbProject\CinemaTickets.SqlServerDbProject.sqlproj", "{6BB62D92-CF57-49FE-9B36-E71B7A6E93F0}"
EndProject
Project("{9A19103F-16F7-4668-BE54-9A1E7A4F7556}") = "CinemaTickets.Tests", "tests\CinemaTickets.Tests\CinemaTickets.Tests.csproj", "{3B70E6F8-C5DB-445F-8CBB-264851F3D3E2}"
EndProject
Global
	GlobalSection(SolutionConfigurationPlatforms) = preSolution
		Debug|Any CPU = Debug|Any CPU
		Release|Any CPU = Release|Any CPU
	EndGlobalSection
	GlobalSection(ProjectConfigurationPlatforms) = postSolution
		{3E6C3144-E011-4AEC-974B-3DB912476675}.Debug|Any CPU.ActiveCfg = Debug|Any CPU
		{3E6C3144-E011-4AEC-974B-3DB912476675}.Debug|Any CPU.Build.0 = Debug|Any CPU
		{3E6C3144-E011-4AEC-974B-3DB912476675}.Release|Any CPU.ActiveCfg = Release|Any CPU
		{3E6C3144-E011-4AEC-974B-3DB912476675}.Release|Any CPU.Build.0 = Release|Any CPU
		{76CF1037-630F-49C8-B988-8AC4AFCDC508}.Debug|Any CPU.ActiveCfg = Debug|Any CPU
		{76CF1037-630F-49C8-B988-8AC4AFCDC508}.Debug|Any CPU.Build.0 = Debug|Any CPU
		{76CF1037-630F-49C8-B988-8AC4AFCDC508}.Release|Any CPU.ActiveCfg = Release|Any CPU
		{76CF1037-630F-49C8-B988-8AC4AFCDC508}.Release|Any CPU.Build.0 = Release|Any CPU
		{B8D6B0F2-8045-4775-B98B-72E087B3B2C2}.Debug|Any CPU.ActiveCfg = Debug|Any CPU
		{B8D6B0F2-8045-4775-B98B-72E087B3B2C2}.Debug|Any CPU.Build.0 = Debug|Any CPU
		{B8D6B0F2-8045-4775-B98B-72E087B3B2C2}.Release|Any CPU.ActiveCfg = Release|Any CPU
		{B8D6B0F2-8045-4775-B98B-72E087B3B2C2}.Release|Any CPU.Build.0 = Release|Any CPU
		{34A27E48-3C7C-45BC-8DB9-7E22B41B10E7}.Debug|Any CPU.ActiveCfg = Debug|Any CPU
		{34A27E48-3C7C-45BC-8DB9-7E22B41B10E7}.Debug|Any CPU.Build.0 = Debug|Any CPU
		{34A27E48-3C7C-45BC-8DB9-7E22B41B10E7}.Release|Any CPU.ActiveCfg = Release|Any CPU
		{34A27E48-3C7C-45BC-8DB9-7E22B41B10E7}.Release|Any CPU.Build.0 = Release|Any CPU
		{6BB62D92-CF57-49FE-9B36-E71B7A6E93F0}.Debug|Any CPU.ActiveCfg = Debug|Any CPU
		{6BB62D92-CF57-49FE-9B36-E71B7A6E93F0}.Debug|Any CPU.Build.0 = Debug|Any CPU
		{6BB62D92-CF57-49FE-9B36-E71B7A6E93F0}.Debug|Any CPU.Deploy.0 = Debug|Any CPU
		{6BB62D92-CF57-49FE-9B36-E71B7A6E93F0}.Release|Any CPU.ActiveCfg = Release|Any CPU
		{6BB62D92-CF57-49FE-9B36-E71B7A6E93F0}.Release|Any CPU.Build.0 = Release|Any CPU
		{6BB62D92-CF57-49FE-9B36-E71B7A6E93F0}.Release|Any CPU.Deploy.0 = Release|Any CPU
		{3B70E6F8-C5DB-445F-8CBB-264851F3D3E2}.Debug|Any CPU.ActiveCfg = Debug|Any CPU
		{3B70E6F8-C5DB-445F-8CBB-264851F3D3E2}.Debug|Any CPU.Build.0 = Debug|Any CPU
		{3B70E6F8-C5DB-445F-8CBB-264851F3D3E2}.Release|Any CPU.ActiveCfg = Release|Any CPU
		{3B70E6F8-C5DB-445F-8CBB-264851F3D3E2}.Release|Any CPU.Build.0 = Release|Any CPU
	EndGlobalSection
	GlobalSection(SolutionProperties) = preSolution
		HideSolutionNode = FALSE
	EndGlobalSection
	GlobalSection(NestedProjects) = preSolution
		{759D2447-0B78-417E-9627-A83E4C417477} = {FF3EE37C-5026-4166-9DDF-7DE13BD71069}
		{77C404B9-3288-4604-9473-488A72BC251C} = {FF3EE37C-5026-4166-9DDF-7DE13BD71069}
		{CBE053C4-C17E-49E4-A0FC-681B207C51A8} = {FF3EE37C-5026-4166-9DDF-7DE13BD71069}
		{94FEBD2D-8C14-43D1-9A4E-828A52A39DAB} = {FF3EE37C-5026-4166-9DDF-7DE13BD71069}
		{3E6C3144-E011-4AEC-974B-3DB912476675} = {759D2447-0B78-417E-9627-A83E4C417477}
		{76CF1037-630F-49C8-B988-8AC4AFCDC508} = {759D2447-0B78-417E-9627-A83E4C417477}
		{B8D6B0F2-8045-4775-B98B-72E087B3B2C2} = {CBE053C4-C17E-49E4-A0FC-681B207C51A8}
		{34A27E48-3C7C-45BC-8DB9-7E22B41B10E7} = {CBE053C4-C17E-49E4-A0FC-681B207C51A8}
		{6BB62D92-CF57-49FE-9B36-E71B7A6E93F0} = {CCE5F6DB-3512-4BE1-96A0-EF28D0A1E2FC}
		{3B70E6F8-C5DB-445F-8CBB-264851F3D3E2} = {53BE2C29-612E-49BA-84CE-2296C0267971}
	EndGlobalSection
	GlobalSection(ExtensibilityGlobals) = postSolution
		SolutionGuid = {85E6A3A2-CF25-4F28-AB59-D6947324C528}
	EndGlobalSection
EndGlobal
