
Microsoft Visual Studio Solution File, Format Version 12.00
# Visual Studio 15
VisualStudioVersion = 15.0.26430.14
MinimumVisualStudioVersion = 10.0.40219.1
Project("{2150E333-8FDC-42A3-9474-1A3956D46DE8}") = "src", "src", "{42348C3D-81E7-4ED0-84DC-1F38288D6F38}"
EndProject
Project("{2150E333-8FDC-42A3-9474-1A3956D46DE8}") = "db", "db", "{EB2D39B9-B7EB-415D-8408-F60E71F8465D}"
EndProject
Project("{2150E333-8FDC-42A3-9474-1A3956D46DE8}") = "tests", "tests", "{36D25BA6-BA91-4C3F-9C15-D40D147F1880}"
EndProject
Project("{00D1A9C2-B5F0-4AF3-8072-F6C62B433612}") = "CinemaTickets.SqlServerDbProject", "CinemaTickets.SqlServerDbProject\CinemaTickets.SqlServerDbProject.sqlproj", "{6BB62D92-CF57-49FE-9B36-E71B7A6E93F0}"
EndProject
Project("{FAE04EC0-301F-11D3-BF4B-00C04F79EFBC}") = "CinemaTickets.Domain.Core", "CinemaTickets.Domain.Core\CinemaTickets.Domain.Core.csproj", "{A8A6E09F-9933-4C85-9EC8-A81F3D538107}"
EndProject
Project("{2150E333-8FDC-42A3-9474-1A3956D46DE8}") = "Domain", "Domain", "{10846EFE-76D6-4A51-AAF8-8CF05B8567AD}"
EndProject
Project("{2150E333-8FDC-42A3-9474-1A3956D46DE8}") = "Infrastructure", "Infrastructure", "{59F64703-F9D8-4DD4-B8C4-9336C06A6A47}"
EndProject
Project("{FAE04EC0-301F-11D3-BF4B-00C04F79EFBC}") = "CinemaTickets.Infrastructure.Data", "CinemaTickets.Infrastructure.Data\CinemaTickets.Infrastructure.Data.csproj", "{6A327880-D074-438C-AEDD-ED14AEBE5A60}"
EndProject
Project("{FAE04EC0-301F-11D3-BF4B-00C04F79EFBC}") = "CinemaTickets.TestMapping", "CinemaTickets.TestMapping\CinemaTickets.TestMapping.csproj", "{9C54039A-2286-400F-8B93-A3B25B297549}"
EndProject
Project("{FAE04EC0-301F-11D3-BF4B-00C04F79EFBC}") = "CinemaTickets.Domain", "CinemaTickets.Domain\CinemaTickets.Domain.csproj", "{E16FC775-B2AE-4E73-878B-D343E9622169}"
EndProject
Project("{2150E333-8FDC-42A3-9474-1A3956D46DE8}") = "Services", "Services", "{20ED89CC-FAD8-47A2-AF78-A1146E50DD2F}"
EndProject
Project("{FAE04EC0-301F-11D3-BF4B-00C04F79EFBC}") = "CinemaTickets.Infrastructure.Business", "CinemaTickets.Infrastructure.Business\CinemaTickets.Infrastructure.Business.csproj", "{B505CC60-508E-4F2B-8E0E-5F8D7852FFAF}"
EndProject
Project("{2150E333-8FDC-42A3-9474-1A3956D46DE8}") = "UI", "UI", "{1A8D83B8-E551-497C-81C0-61A232F6E195}"
EndProject
Global
	GlobalSection(SolutionConfigurationPlatforms) = preSolution
		Debug|Any CPU = Debug|Any CPU
		Release|Any CPU = Release|Any CPU
	EndGlobalSection
	GlobalSection(ProjectConfigurationPlatforms) = postSolution
		{6BB62D92-CF57-49FE-9B36-E71B7A6E93F0}.Debug|Any CPU.ActiveCfg = Debug|Any CPU
		{6BB62D92-CF57-49FE-9B36-E71B7A6E93F0}.Debug|Any CPU.Build.0 = Debug|Any CPU
		{6BB62D92-CF57-49FE-9B36-E71B7A6E93F0}.Debug|Any CPU.Deploy.0 = Debug|Any CPU
		{6BB62D92-CF57-49FE-9B36-E71B7A6E93F0}.Release|Any CPU.ActiveCfg = Release|Any CPU
		{6BB62D92-CF57-49FE-9B36-E71B7A6E93F0}.Release|Any CPU.Build.0 = Release|Any CPU
		{6BB62D92-CF57-49FE-9B36-E71B7A6E93F0}.Release|Any CPU.Deploy.0 = Release|Any CPU
		{A8A6E09F-9933-4C85-9EC8-A81F3D538107}.Debug|Any CPU.ActiveCfg = Debug|Any CPU
		{A8A6E09F-9933-4C85-9EC8-A81F3D538107}.Debug|Any CPU.Build.0 = Debug|Any CPU
		{A8A6E09F-9933-4C85-9EC8-A81F3D538107}.Release|Any CPU.ActiveCfg = Release|Any CPU
		{A8A6E09F-9933-4C85-9EC8-A81F3D538107}.Release|Any CPU.Build.0 = Release|Any CPU
		{6A327880-D074-438C-AEDD-ED14AEBE5A60}.Debug|Any CPU.ActiveCfg = Debug|Any CPU
		{6A327880-D074-438C-AEDD-ED14AEBE5A60}.Debug|Any CPU.Build.0 = Debug|Any CPU
		{6A327880-D074-438C-AEDD-ED14AEBE5A60}.Release|Any CPU.ActiveCfg = Release|Any CPU
		{6A327880-D074-438C-AEDD-ED14AEBE5A60}.Release|Any CPU.Build.0 = Release|Any CPU
		{9C54039A-2286-400F-8B93-A3B25B297549}.Debug|Any CPU.ActiveCfg = Debug|Any CPU
		{9C54039A-2286-400F-8B93-A3B25B297549}.Debug|Any CPU.Build.0 = Debug|Any CPU
		{9C54039A-2286-400F-8B93-A3B25B297549}.Release|Any CPU.ActiveCfg = Release|Any CPU
		{9C54039A-2286-400F-8B93-A3B25B297549}.Release|Any CPU.Build.0 = Release|Any CPU
		{E16FC775-B2AE-4E73-878B-D343E9622169}.Debug|Any CPU.ActiveCfg = Debug|Any CPU
		{E16FC775-B2AE-4E73-878B-D343E9622169}.Debug|Any CPU.Build.0 = Debug|Any CPU
		{E16FC775-B2AE-4E73-878B-D343E9622169}.Release|Any CPU.ActiveCfg = Release|Any CPU
		{E16FC775-B2AE-4E73-878B-D343E9622169}.Release|Any CPU.Build.0 = Release|Any CPU
		{B505CC60-508E-4F2B-8E0E-5F8D7852FFAF}.Debug|Any CPU.ActiveCfg = Debug|Any CPU
		{B505CC60-508E-4F2B-8E0E-5F8D7852FFAF}.Debug|Any CPU.Build.0 = Debug|Any CPU
		{B505CC60-508E-4F2B-8E0E-5F8D7852FFAF}.Release|Any CPU.ActiveCfg = Release|Any CPU
		{B505CC60-508E-4F2B-8E0E-5F8D7852FFAF}.Release|Any CPU.Build.0 = Release|Any CPU
	EndGlobalSection
	GlobalSection(SolutionProperties) = preSolution
		HideSolutionNode = FALSE
	EndGlobalSection
	GlobalSection(NestedProjects) = preSolution
		{6BB62D92-CF57-49FE-9B36-E71B7A6E93F0} = {EB2D39B9-B7EB-415D-8408-F60E71F8465D}
		{A8A6E09F-9933-4C85-9EC8-A81F3D538107} = {10846EFE-76D6-4A51-AAF8-8CF05B8567AD}
		{10846EFE-76D6-4A51-AAF8-8CF05B8567AD} = {42348C3D-81E7-4ED0-84DC-1F38288D6F38}
		{59F64703-F9D8-4DD4-B8C4-9336C06A6A47} = {42348C3D-81E7-4ED0-84DC-1F38288D6F38}
		{6A327880-D074-438C-AEDD-ED14AEBE5A60} = {59F64703-F9D8-4DD4-B8C4-9336C06A6A47}
		{9C54039A-2286-400F-8B93-A3B25B297549} = {36D25BA6-BA91-4C3F-9C15-D40D147F1880}
		{E16FC775-B2AE-4E73-878B-D343E9622169} = {10846EFE-76D6-4A51-AAF8-8CF05B8567AD}
		{20ED89CC-FAD8-47A2-AF78-A1146E50DD2F} = {42348C3D-81E7-4ED0-84DC-1F38288D6F38}
		{B505CC60-508E-4F2B-8E0E-5F8D7852FFAF} = {59F64703-F9D8-4DD4-B8C4-9336C06A6A47}
		{1A8D83B8-E551-497C-81C0-61A232F6E195} = {42348C3D-81E7-4ED0-84DC-1F38288D6F38}
	EndGlobalSection
EndGlobal
